
Microsoft Visual Studio Solution File, Format Version 12.00
# Visual Studio Version 17
VisualStudioVersion = 17.9.34616.47
MinimumVisualStudioVersion = 10.0.40219.1
Project("{9A19103F-16F7-4668-BE54-9A1E7A4F7556}") = "01-DiyetProjesi.DATA", "01-DiyetProjesi.DATA\01-DiyetProjesi.DATA.csproj", "{1CE6C959-A9B0-4207-8914-4B73ECB86F59}"
EndProject
Project("{9A19103F-16F7-4668-BE54-9A1E7A4F7556}") = "01-DiyetProjesi.DAL", "01-DiyetProjesi.DAL\01-DiyetProjesi.DAL.csproj", "{FC1218E1-7A79-4EC9-BA12-84A68C3913FF}"
EndProject
Project("{FAE04EC0-301F-11D3-BF4B-00C04F79EFBC}") = "01-DiyetProjesi.UI", "01-DiyetProjesi.UI\01-DiyetProjesi.UI.csproj", "{43B5800A-6305-4285-818A-5210E5EC4D7C}"
EndProject
Global
	GlobalSection(SolutionConfigurationPlatforms) = preSolution
		Debug|Any CPU = Debug|Any CPU
		Release|Any CPU = Release|Any CPU
	EndGlobalSection
	GlobalSection(ProjectConfigurationPlatforms) = postSolution
		{1CE6C959-A9B0-4207-8914-4B73ECB86F59}.Debug|Any CPU.ActiveCfg = Debug|Any CPU
		{1CE6C959-A9B0-4207-8914-4B73ECB86F59}.Debug|Any CPU.Build.0 = Debug|Any CPU
		{1CE6C959-A9B0-4207-8914-4B73ECB86F59}.Release|Any CPU.ActiveCfg = Release|Any CPU
		{1CE6C959-A9B0-4207-8914-4B73ECB86F59}.Release|Any CPU.Build.0 = Release|Any CPU
		{FC1218E1-7A79-4EC9-BA12-84A68C3913FF}.Debug|Any CPU.ActiveCfg = Debug|Any CPU
		{FC1218E1-7A79-4EC9-BA12-84A68C3913FF}.Debug|Any CPU.Build.0 = Debug|Any CPU
		{FC1218E1-7A79-4EC9-BA12-84A68C3913FF}.Release|Any CPU.ActiveCfg = Release|Any CPU
		{FC1218E1-7A79-4EC9-BA12-84A68C3913FF}.Release|Any CPU.Build.0 = Release|Any CPU
		{43B5800A-6305-4285-818A-5210E5EC4D7C}.Debug|Any CPU.ActiveCfg = Debug|Any CPU
		{43B5800A-6305-4285-818A-5210E5EC4D7C}.Debug|Any CPU.Build.0 = Debug|Any CPU
		{43B5800A-6305-4285-818A-5210E5EC4D7C}.Release|Any CPU.ActiveCfg = Release|Any CPU
		{43B5800A-6305-4285-818A-5210E5EC4D7C}.Release|Any CPU.Build.0 = Release|Any CPU
	EndGlobalSection
	GlobalSection(SolutionProperties) = preSolution
		HideSolutionNode = FALSE
	EndGlobalSection
	GlobalSection(ExtensibilityGlobals) = postSolution
		SolutionGuid = {AFF5B94C-F1BC-4D59-ACF1-ECEA5B07B836}
	EndGlobalSection
EndGlobal
